
Microsoft Visual Studio Solution File, Format Version 12.00
# Visual Studio Version 17
VisualStudioVersion = 17.5.002.0
MinimumVisualStudioVersion = 10.0.40219.1
Project("{9A19103F-16F7-4668-BE54-9A1E7A4F7556}") = "testes", "testes.csproj", "{8B9DC289-DA63-428B-966B-E4C3D5E5EDBB}"
EndProject
Global
	GlobalSection(SolutionConfigurationPlatforms) = preSolution
		Debug|Any CPU = Debug|Any CPU
		Release|Any CPU = Release|Any CPU
	EndGlobalSection
	GlobalSection(ProjectConfigurationPlatforms) = postSolution
		{8B9DC289-DA63-428B-966B-E4C3D5E5EDBB}.Debug|Any CPU.ActiveCfg = Debug|Any CPU
		{8B9DC289-DA63-428B-966B-E4C3D5E5EDBB}.Debug|Any CPU.Build.0 = Debug|Any CPU
		{8B9DC289-DA63-428B-966B-E4C3D5E5EDBB}.Release|Any CPU.ActiveCfg = Release|Any CPU
		{8B9DC289-DA63-428B-966B-E4C3D5E5EDBB}.Release|Any CPU.Build.0 = Release|Any CPU
	EndGlobalSection
	GlobalSection(SolutionProperties) = preSolution
		HideSolutionNode = FALSE
	EndGlobalSection
	GlobalSection(ExtensibilityGlobals) = postSolution
		SolutionGuid = {AA6994BE-B635-4DD6-9CAA-7B2995F24374}
	EndGlobalSection
EndGlobal
